{
  "version": "5",
  "specifiers": {
    "npm:@hono/zod-validator@*": "0.7.5_hono@4.10.6_zod@4.1.12",
    "npm:hono@*": "4.10.6",
    "npm:p-limit@^7.2.0": "7.2.0",
    "npm:zod@*": "4.1.12"
  },
  "npm": {
    "@hono/zod-validator@0.7.5_hono@4.10.6_zod@4.1.12": {
      "integrity": "sha512-n4l4hutkfYU07PzRUHBOVzUEn38VSfrh+UVE5d0w4lyfWDOEhzxIupqo5iakRiJL44c3vTuFJBvcmUl8b9agIA==",
      "dependencies": [
        "hono",
        "zod"
      ]
    },
    "hono@4.10.6": {
      "integrity": "sha512-BIdolzGpDO9MQ4nu3AUuDwHZZ+KViNm+EZ75Ae55eMXMqLVhDFqEMXxtUe9Qh8hjL+pIna/frs2j6Y2yD5Ua/g=="
    },
    "p-limit@7.2.0": {
      "integrity": "sha512-ATHLtwoTNDloHRFFxFJdHnG6n2WUeFjaR8XQMFdKIv0xkXjrER8/iG9iu265jOM95zXHAfv9oTkqhrfbIzosrQ==",
      "dependencies": [
        "yocto-queue"
      ]
    },
    "yocto-queue@1.2.2": {
      "integrity": "sha512-4LCcse/U2MHZ63HAJVE+v71o7yOdIe4cZ70Wpf8D/IyjDKYQLV5GD46B+hSTjJsvV5PztjvHoU580EftxjDZFQ=="
    },
    "zod@4.1.12": {
      "integrity": "sha512-JInaHOamG8pt5+Ey8kGmdcAcg3OL9reK8ltczgHTAwNhMys/6ThXHityHxVV2p3fkw/c+MAvBHFVYHFZDmjMCQ=="
    }
  },
  "workspace": {
    "dependencies": [
      "npm:@hono/zod-validator@*",
      "npm:hono@*",
      "npm:p-limit@^7.2.0",
      "npm:zod@*"
    ]
  }
}
